// !$*UTF8*$!
{
	archiveVersion = 1;
	classes = {
	};
	objectVersion = 56;
	objects = {

/* Begin PBXBuildFile section */
		49C8C6AD2CC66666000C870E /* AppDelegate.swift in Sources */ = {isa = PBXBuildFile; fileRef = 49C8C6AC2CC66666000C870E /* AppDelegate.swift */; };
		49C8C6AF2CC66666000C870E /* SceneDelegate.swift in Sources */ = {isa = PBXBuildFile; fileRef = 49C8C6AE2CC66666000C870E /* SceneDelegate.swift */; };
		49C8C6B42CC66666000C870E /* Base in Resources */ = {isa = PBXBuildFile; fileRef = 49C8C6B32CC66666000C870E /* Base */; };
		49C8C6B62CC66669000C870E /* Assets.xcassets in Resources */ = {isa = PBXBuildFile; fileRef = 49C8C6B52CC66669000C870E /* Assets.xcassets */; };
		49C8C6B92CC66669000C870E /* Base in Resources */ = {isa = PBXBuildFile; fileRef = 49C8C6B82CC66669000C870E /* Base */; };
		49C8C6C42CC66669000C870E /* MoviesAppTests.swift in Sources */ = {isa = PBXBuildFile; fileRef = 49C8C6C32CC66669000C870E /* MoviesAppTests.swift */; };
		49C8C6CE2CC66669000C870E /* MoviesAppUITests.swift in Sources */ = {isa = PBXBuildFile; fileRef = 49C8C6CD2CC66669000C870E /* MoviesAppUITests.swift */; };
		49C8C6D02CC66669000C870E /* MoviesAppUITestsLaunchTests.swift in Sources */ = {isa = PBXBuildFile; fileRef = 49C8C6CF2CC66669000C870E /* MoviesAppUITestsLaunchTests.swift */; };
		49C8C6DD2CC6669E000C870E /* movies.json in Resources */ = {isa = PBXBuildFile; fileRef = 49C8C6DC2CC6669E000C870E /* movies.json */; };
		49C8C6DF2CC66884000C870E /* MoviesModelData.swift in Sources */ = {isa = PBXBuildFile; fileRef = 49C8C6DE2CC66883000C870E /* MoviesModelData.swift */; };
		49C8C6E12CC66F87000C870E /* MoviesViewController.swift in Sources */ = {isa = PBXBuildFile; fileRef = 49C8C6E02CC66F87000C870E /* MoviesViewController.swift */; };
		49C8C6E32CC67FD4000C870E /* MovieViewModel.swift in Sources */ = {isa = PBXBuildFile; fileRef = 49C8C6E22CC67FD4000C870E /* MovieViewModel.swift */; };
		49C8C6E62CC68735000C870E /* MoviesTableViewCell.xib in Resources */ = {isa = PBXBuildFile; fileRef = 49C8C6E52CC68735000C870E /* MoviesTableViewCell.xib */; };
		49C8C6E72CC68735000C870E /* MoviesTableViewCell.swift in Sources */ = {isa = PBXBuildFile; fileRef = 49C8C6E42CC68735000C870E /* MoviesTableViewCell.swift */; };
		49C8C6EA2CC68F85000C870E /* SDWebImage in Frameworks */ = {isa = PBXBuildFile; productRef = 49C8C6E92CC68F85000C870E /* SDWebImage */; };
		49C8C6EC2CC6A19B000C870E /* MovieDetailViewController.swift in Sources */ = {isa = PBXBuildFile; fileRef = 49C8C6EB2CC6A19B000C870E /* MovieDetailViewController.swift */; };
		49C8C6EE2CC7E122000C870E /* LocalFetchedDataManager.swift in Sources */ = {isa = PBXBuildFile; fileRef = 49C8C6ED2CC7E122000C870E /* LocalFetchedDataManager.swift */; };
		49C8C6F82CC7E550000C870E /* Constants.swift in Sources */ = {isa = PBXBuildFile; fileRef = 49C8C6F72CC7E550000C870E /* Constants.swift */; };
/* End PBXBuildFile section */

/* Begin PBXContainerItemProxy section */
		49C8C6C02CC66669000C870E /* PBXContainerItemProxy */ = {
			isa = PBXContainerItemProxy;
			containerPortal = 49C8C6A12CC66666000C870E /* Project object */;
			proxyType = 1;
			remoteGlobalIDString = 49C8C6A82CC66666000C870E;
			remoteInfo = MoviesApp;
		};
		49C8C6CA2CC66669000C870E /* PBXContainerItemProxy */ = {
			isa = PBXContainerItemProxy;
			containerPortal = 49C8C6A12CC66666000C870E /* Project object */;
			proxyType = 1;
			remoteGlobalIDString = 49C8C6A82CC66666000C870E;
			remoteInfo = MoviesApp;
		};
/* End PBXContainerItemProxy section */

/* Begin PBXFileReference section */
		49C8C6A92CC66666000C870E /* MoviesApp.app */ = {isa = PBXFileReference; explicitFileType = wrapper.application; includeInIndex = 0; path = MoviesApp.app; sourceTree = BUILT_PRODUCTS_DIR; };
		49C8C6AC2CC66666000C870E /* AppDelegate.swift */ = {isa = PBXFileReference; lastKnownFileType = sourcecode.swift; path = AppDelegate.swift; sourceTree = "<group>"; };
		49C8C6AE2CC66666000C870E /* SceneDelegate.swift */ = {isa = PBXFileReference; lastKnownFileType = sourcecode.swift; path = SceneDelegate.swift; sourceTree = "<group>"; };
		49C8C6B32CC66666000C870E /* Base */ = {isa = PBXFileReference; lastKnownFileType = file.storyboard; name = Base; path = Base.lproj/Main.storyboard; sourceTree = "<group>"; };
		49C8C6B52CC66669000C870E /* Assets.xcassets */ = {isa = PBXFileReference; lastKnownFileType = folder.assetcatalog; path = Assets.xcassets; sourceTree = "<group>"; };
		49C8C6B82CC66669000C870E /* Base */ = {isa = PBXFileReference; lastKnownFileType = file.storyboard; name = Base; path = Base.lproj/LaunchScreen.storyboard; sourceTree = "<group>"; };
		49C8C6BA2CC66669000C870E /* Info.plist */ = {isa = PBXFileReference; lastKnownFileType = text.plist.xml; path = Info.plist; sourceTree = "<group>"; };
		49C8C6BF2CC66669000C870E /* MoviesAppTests.xctest */ = {isa = PBXFileReference; explicitFileType = wrapper.cfbundle; includeInIndex = 0; path = MoviesAppTests.xctest; sourceTree = BUILT_PRODUCTS_DIR; };
		49C8C6C32CC66669000C870E /* MoviesAppTests.swift */ = {isa = PBXFileReference; lastKnownFileType = sourcecode.swift; path = MoviesAppTests.swift; sourceTree = "<group>"; };
		49C8C6C92CC66669000C870E /* MoviesAppUITests.xctest */ = {isa = PBXFileReference; explicitFileType = wrapper.cfbundle; includeInIndex = 0; path = MoviesAppUITests.xctest; sourceTree = BUILT_PRODUCTS_DIR; };
		49C8C6CD2CC66669000C870E /* MoviesAppUITests.swift */ = {isa = PBXFileReference; lastKnownFileType = sourcecode.swift; path = MoviesAppUITests.swift; sourceTree = "<group>"; };
		49C8C6CF2CC66669000C870E /* MoviesAppUITestsLaunchTests.swift */ = {isa = PBXFileReference; lastKnownFileType = sourcecode.swift; path = MoviesAppUITestsLaunchTests.swift; sourceTree = "<group>"; };
		49C8C6DC2CC6669E000C870E /* movies.json */ = {isa = PBXFileReference; fileEncoding = 4; lastKnownFileType = text.json; path = movies.json; sourceTree = "<group>"; };
		49C8C6DE2CC66883000C870E /* MoviesModelData.swift */ = {isa = PBXFileReference; lastKnownFileType = sourcecode.swift; path = MoviesModelData.swift; sourceTree = "<group>"; };
		49C8C6E02CC66F87000C870E /* MoviesViewController.swift */ = {isa = PBXFileReference; lastKnownFileType = sourcecode.swift; path = MoviesViewController.swift; sourceTree = "<group>"; };
		49C8C6E22CC67FD4000C870E /* MovieViewModel.swift */ = {isa = PBXFileReference; lastKnownFileType = sourcecode.swift; path = MovieViewModel.swift; sourceTree = "<group>"; };
		49C8C6E42CC68735000C870E /* MoviesTableViewCell.swift */ = {isa = PBXFileReference; lastKnownFileType = sourcecode.swift; path = MoviesTableViewCell.swift; sourceTree = "<group>"; };
		49C8C6E52CC68735000C870E /* MoviesTableViewCell.xib */ = {isa = PBXFileReference; lastKnownFileType = file.xib; path = MoviesTableViewCell.xib; sourceTree = "<group>"; };
		49C8C6EB2CC6A19B000C870E /* MovieDetailViewController.swift */ = {isa = PBXFileReference; lastKnownFileType = sourcecode.swift; path = MovieDetailViewController.swift; sourceTree = "<group>"; };
		49C8C6ED2CC7E122000C870E /* LocalFetchedDataManager.swift */ = {isa = PBXFileReference; lastKnownFileType = sourcecode.swift; path = LocalFetchedDataManager.swift; sourceTree = "<group>"; };
		49C8C6F72CC7E550000C870E /* Constants.swift */ = {isa = PBXFileReference; lastKnownFileType = sourcecode.swift; path = Constants.swift; sourceTree = "<group>"; };
/* End PBXFileReference section */

/* Begin PBXFrameworksBuildPhase section */
		49C8C6A62CC66666000C870E /* Frameworks */ = {
			isa = PBXFrameworksBuildPhase;
			buildActionMask = 2147483647;
			files = (
				49C8C6EA2CC68F85000C870E /* SDWebImage in Frameworks */,
			);
			runOnlyForDeploymentPostprocessing = 0;
		};
		49C8C6BC2CC66669000C870E /* Frameworks */ = {
			isa = PBXFrameworksBuildPhase;
			buildActionMask = 2147483647;
			files = (
			);
			runOnlyForDeploymentPostprocessing = 0;
		};
		49C8C6C62CC66669000C870E /* Frameworks */ = {
			isa = PBXFrameworksBuildPhase;
			buildActionMask = 2147483647;
			files = (
			);
			runOnlyForDeploymentPostprocessing = 0;
		};
/* End PBXFrameworksBuildPhase section */

/* Begin PBXGroup section */
		49C8C6A02CC66666000C870E = {
			isa = PBXGroup;
			children = (
				49C8C6AB2CC66666000C870E /* MoviesApp */,
				49C8C6C22CC66669000C870E /* MoviesAppTests */,
				49C8C6CC2CC66669000C870E /* MoviesAppUITests */,
				49C8C6AA2CC66666000C870E /* Products */,
			);
			sourceTree = "<group>";
		};
		49C8C6AA2CC66666000C870E /* Products */ = {
			isa = PBXGroup;
			children = (
				49C8C6A92CC66666000C870E /* MoviesApp.app */,
				49C8C6BF2CC66669000C870E /* MoviesAppTests.xctest */,
				49C8C6C92CC66669000C870E /* MoviesAppUITests.xctest */,
			);
			name = Products;
			sourceTree = "<group>";
		};
		49C8C6AB2CC66666000C870E /* MoviesApp */ = {
			isa = PBXGroup;
			children = (
				49C8C6AC2CC66666000C870E /* AppDelegate.swift */,
				49C8C6AE2CC66666000C870E /* SceneDelegate.swift */,
				49C8C6EF2CC7E475000C870E /* View */,
				49C8C6F02CC7E483000C870E /* ViewModel */,
				49C8C6F12CC7E494000C870E /* Model */,
				49C8C6F32CC7E4AC000C870E /* Manager */,
				49C8C6F42CC7E4B6000C870E /* StoryBoard */,
				49C8C6F72CC7E550000C870E /* Constants.swift */,
				49C8C6B52CC66669000C870E /* Assets.xcassets */,
				49C8C6B72CC66669000C870E /* LaunchScreen.storyboard */,
				49C8C6DC2CC6669E000C870E /* movies.json */,
				49C8C6BA2CC66669000C870E /* Info.plist */,
			);
			path = MoviesApp;
			sourceTree = "<group>";
		};
		49C8C6C22CC66669000C870E /* MoviesAppTests */ = {
			isa = PBXGroup;
			children = (
				49C8C6C32CC66669000C870E /* MoviesAppTests.swift */,
			);
			path = MoviesAppTests;
			sourceTree = "<group>";
		};
		49C8C6CC2CC66669000C870E /* MoviesAppUITests */ = {
			isa = PBXGroup;
			children = (
				49C8C6CD2CC66669000C870E /* MoviesAppUITests.swift */,
				49C8C6CF2CC66669000C870E /* MoviesAppUITestsLaunchTests.swift */,
			);
			path = MoviesAppUITests;
			sourceTree = "<group>";
		};
		49C8C6EF2CC7E475000C870E /* View */ = {
			isa = PBXGroup;
			children = (
				49C8C6F52CC7E4D7000C870E /* Movie */,
				49C8C6F62CC7E4E0000C870E /* MovieDetails */,
			);
			path = View;
			sourceTree = "<group>";
		};
		49C8C6F02CC7E483000C870E /* ViewModel */ = {
			isa = PBXGroup;
			children = (
				49C8C6E22CC67FD4000C870E /* MovieViewModel.swift */,
			);
			path = ViewModel;
			sourceTree = "<group>";
		};
		49C8C6F12CC7E494000C870E /* Model */ = {
			isa = PBXGroup;
			children = (
				49C8C6DE2CC66883000C870E /* MoviesModelData.swift */,
			);
			path = Model;
			sourceTree = "<group>";
		};
		49C8C6F32CC7E4AC000C870E /* Manager */ = {
			isa = PBXGroup;
			children = (
				49C8C6ED2CC7E122000C870E /* LocalFetchedDataManager.swift */,
			);
			path = Manager;
			sourceTree = "<group>";
		};
		49C8C6F42CC7E4B6000C870E /* StoryBoard */ = {
			isa = PBXGroup;
			children = (
				49C8C6B22CC66666000C870E /* Main.storyboard */,
			);
			path = StoryBoard;
			sourceTree = "<group>";
		};
		49C8C6F52CC7E4D7000C870E /* Movie */ = {
			isa = PBXGroup;
			children = (
				49C8C6E02CC66F87000C870E /* MoviesViewController.swift */,
				49C8C6E42CC68735000C870E /* MoviesTableViewCell.swift */,
				49C8C6E52CC68735000C870E /* MoviesTableViewCell.xib */,
			);
			path = Movie;
			sourceTree = "<group>";
		};
		49C8C6F62CC7E4E0000C870E /* MovieDetails */ = {
			isa = PBXGroup;
			children = (
				49C8C6EB2CC6A19B000C870E /* MovieDetailViewController.swift */,
			);
			path = MovieDetails;
			sourceTree = "<group>";
		};
/* End PBXGroup section */

/* Begin PBXNativeTarget section */
		49C8C6A82CC66666000C870E /* MoviesApp */ = {
			isa = PBXNativeTarget;
			buildConfigurationList = 49C8C6D32CC66669000C870E /* Build configuration list for PBXNativeTarget "MoviesApp" */;
			buildPhases = (
				49C8C6A52CC66666000C870E /* Sources */,
				49C8C6A62CC66666000C870E /* Frameworks */,
				49C8C6A72CC66666000C870E /* Resources */,
			);
			buildRules = (
			);
			dependencies = (
			);
			name = MoviesApp;
			packageProductDependencies = (
				49C8C6E92CC68F85000C870E /* SDWebImage */,
			);
			productName = MoviesApp;
			productReference = 49C8C6A92CC66666000C870E /* MoviesApp.app */;
			productType = "com.apple.product-type.application";
		};
		49C8C6BE2CC66669000C870E /* MoviesAppTests */ = {
			isa = PBXNativeTarget;
			buildConfigurationList = 49C8C6D62CC66669000C870E /* Build configuration list for PBXNativeTarget "MoviesAppTests" */;
			buildPhases = (
				49C8C6BB2CC66669000C870E /* Sources */,
				49C8C6BC2CC66669000C870E /* Frameworks */,
				49C8C6BD2CC66669000C870E /* Resources */,
			);
			buildRules = (
			);
			dependencies = (
				49C8C6C12CC66669000C870E /* PBXTargetDependency */,
			);
			name = MoviesAppTests;
			productName = MoviesAppTests;
			productReference = 49C8C6BF2CC66669000C870E /* MoviesAppTests.xctest */;
			productType = "com.apple.product-type.bundle.unit-test";
		};
		49C8C6C82CC66669000C870E /* MoviesAppUITests */ = {
			isa = PBXNativeTarget;
			buildConfigurationList = 49C8C6D92CC66669000C870E /* Build configuration list for PBXNativeTarget "MoviesAppUITests" */;
			buildPhases = (
				49C8C6C52CC66669000C870E /* Sources */,
				49C8C6C62CC66669000C870E /* Frameworks */,
				49C8C6C72CC66669000C870E /* Resources */,
			);
			buildRules = (
			);
			dependencies = (
				49C8C6CB2CC66669000C870E /* PBXTargetDependency */,
			);
			name = MoviesAppUITests;
			productName = MoviesAppUITests;
			productReference = 49C8C6C92CC66669000C870E /* MoviesAppUITests.xctest */;
			productType = "com.apple.product-type.bundle.ui-testing";
		};
/* End PBXNativeTarget section */

/* Begin PBXProject section */
		49C8C6A12CC66666000C870E /* Project object */ = {
			isa = PBXProject;
			attributes = {
				BuildIndependentTargetsInParallel = 1;
				LastSwiftUpdateCheck = 1540;
				LastUpgradeCheck = 1540;
				TargetAttributes = {
					49C8C6A82CC66666000C870E = {
						CreatedOnToolsVersion = 15.4;
					};
					49C8C6BE2CC66669000C870E = {
						CreatedOnToolsVersion = 15.4;
						TestTargetID = 49C8C6A82CC66666000C870E;
					};
					49C8C6C82CC66669000C870E = {
						CreatedOnToolsVersion = 15.4;
						TestTargetID = 49C8C6A82CC66666000C870E;
					};
				};
			};
			buildConfigurationList = 49C8C6A42CC66666000C870E /* Build configuration list for PBXProject "MoviesApp" */;
			compatibilityVersion = "Xcode 14.0";
			developmentRegion = en;
			hasScannedForEncodings = 0;
			knownRegions = (
				en,
				Base,
			);
			mainGroup = 49C8C6A02CC66666000C870E;
			packageReferences = (
				49C8C6E82CC68F85000C870E /* XCRemoteSwiftPackageReference "SDWebImage" */,
			);
			productRefGroup = 49C8C6AA2CC66666000C870E /* Products */;
			projectDirPath = "";
			projectRoot = "";
			targets = (
				49C8C6A82CC66666000C870E /* MoviesApp */,
				49C8C6BE2CC66669000C870E /* MoviesAppTests */,
				49C8C6C82CC66669000C870E /* MoviesAppUITests */,
			);
		};
/* End PBXProject section */

/* Begin PBXResourcesBuildPhase section */
		49C8C6A72CC66666000C870E /* Resources */ = {
			isa = PBXResourcesBuildPhase;
			buildActionMask = 2147483647;
			files = (
				49C8C6B62CC66669000C870E /* Assets.xcassets in Resources */,
				49C8C6E62CC68735000C870E /* MoviesTableViewCell.xib in Resources */,
				49C8C6B92CC66669000C870E /* Base in Resources */,
				49C8C6DD2CC6669E000C870E /* movies.json in Resources */,
				49C8C6B42CC66666000C870E /* Base in Resources */,
			);
			runOnlyForDeploymentPostprocessing = 0;
		};
		49C8C6BD2CC66669000C870E /* Resources */ = {
			isa = PBXResourcesBuildPhase;
			buildActionMask = 2147483647;
			files = (
			);
			runOnlyForDeploymentPostprocessing = 0;
		};
		49C8C6C72CC66669000C870E /* Resources */ = {
			isa = PBXResourcesBuildPhase;
			buildActionMask = 2147483647;
			files = (
			);
			runOnlyForDeploymentPostprocessing = 0;
		};
/* End PBXResourcesBuildPhase section */

/* Begin PBXSourcesBuildPhase section */
		49C8C6A52CC66666000C870E /* Sources */ = {
			isa = PBXSourcesBuildPhase;
			buildActionMask = 2147483647;
			files = (
				49C8C6E12CC66F87000C870E /* MoviesViewController.swift in Sources */,
				49C8C6AD2CC66666000C870E /* AppDelegate.swift in Sources */,
				49C8C6DF2CC66884000C870E /* MoviesModelData.swift in Sources */,
				49C8C6EE2CC7E122000C870E /* LocalFetchedDataManager.swift in Sources */,
				49C8C6EC2CC6A19B000C870E /* MovieDetailViewController.swift in Sources */,
				49C8C6AF2CC66666000C870E /* SceneDelegate.swift in Sources */,
				49C8C6E72CC68735000C870E /* MoviesTableViewCell.swift in Sources */,
				49C8C6E32CC67FD4000C870E /* MovieViewModel.swift in Sources */,
				49C8C6F82CC7E550000C870E /* Constants.swift in Sources */,
			);
			runOnlyForDeploymentPostprocessing = 0;
		};
		49C8C6BB2CC66669000C870E /* Sources */ = {
			isa = PBXSourcesBuildPhase;
			buildActionMask = 2147483647;
			files = (
				49C8C6C42CC66669000C870E /* MoviesAppTests.swift in Sources */,
			);
			runOnlyForDeploymentPostprocessing = 0;
		};
		49C8C6C52CC66669000C870E /* Sources */ = {
			isa = PBXSourcesBuildPhase;
			buildActionMask = 2147483647;
			files = (
				49C8C6CE2CC66669000C870E /* MoviesAppUITests.swift in Sources */,
				49C8C6D02CC66669000C870E /* MoviesAppUITestsLaunchTests.swift in Sources */,
			);
			runOnlyForDeploymentPostprocessing = 0;
		};
/* End PBXSourcesBuildPhase section */

/* Begin PBXTargetDependency section */
		49C8C6C12CC66669000C870E /* PBXTargetDependency */ = {
			isa = PBXTargetDependency;
			target = 49C8C6A82CC66666000C870E /* MoviesApp */;
			targetProxy = 49C8C6C02CC66669000C870E /* PBXContainerItemProxy */;
		};
		49C8C6CB2CC66669000C870E /* PBXTargetDependency */ = {
			isa = PBXTargetDependency;
			target = 49C8C6A82CC66666000C870E /* MoviesApp */;
			targetProxy = 49C8C6CA2CC66669000C870E /* PBXContainerItemProxy */;
		};
/* End PBXTargetDependency section */

/* Begin PBXVariantGroup section */
		49C8C6B22CC66666000C870E /* Main.storyboard */ = {
			isa = PBXVariantGroup;
			children = (
				49C8C6B32CC66666000C870E /* Base */,
			);
			name = Main.storyboard;
			sourceTree = "<group>";
		};
		49C8C6B72CC66669000C870E /* LaunchScreen.storyboard */ = {
			isa = PBXVariantGroup;
			children = (
				49C8C6B82CC66669000C870E /* Base */,
			);
			name = LaunchScreen.storyboard;
			sourceTree = "<group>";
		};
/* End PBXVariantGroup section */

/* Begin XCBuildConfiguration section */
		49C8C6D12CC66669000C870E /* Debug */ = {
			isa = XCBuildConfiguration;
			buildSettings = {
				ALWAYS_SEARCH_USER_PATHS = NO;
				ASSETCATALOG_COMPILER_GENERATE_SWIFT_ASSET_SYMBOL_EXTENSIONS = YES;
				CLANG_ANALYZER_NONNULL = YES;
				CLANG_ANALYZER_NUMBER_OBJECT_CONVERSION = YES_AGGRESSIVE;
				CLANG_CXX_LANGUAGE_STANDARD = "gnu++20";
				CLANG_ENABLE_MODULES = YES;
				CLANG_ENABLE_OBJC_ARC = YES;
				CLANG_ENABLE_OBJC_WEAK = YES;
				CLANG_WARN_BLOCK_CAPTURE_AUTORELEASING = YES;
				CLANG_WARN_BOOL_CONVERSION = YES;
				CLANG_WARN_COMMA = YES;
				CLANG_WARN_CONSTANT_CONVERSION = YES;
				CLANG_WARN_DEPRECATED_OBJC_IMPLEMENTATIONS = YES;
				CLANG_WARN_DIRECT_OBJC_ISA_USAGE = YES_ERROR;
				CLANG_WARN_DOCUMENTATION_COMMENTS = YES;
				CLANG_WARN_EMPTY_BODY = YES;
				CLANG_WARN_ENUM_CONVERSION = YES;
				CLANG_WARN_INFINITE_RECURSION = YES;
				CLANG_WARN_INT_CONVERSION = YES;
				CLANG_WARN_NON_LITERAL_NULL_CONVERSION = YES;
				CLANG_WARN_OBJC_IMPLICIT_RETAIN_SELF = YES;
				CLANG_WARN_OBJC_LITERAL_CONVERSION = YES;
				CLANG_WARN_OBJC_ROOT_CLASS = YES_ERROR;
				CLANG_WARN_QUOTED_INCLUDE_IN_FRAMEWORK_HEADER = YES;
				CLANG_WARN_RANGE_LOOP_ANALYSIS = YES;
				CLANG_WARN_STRICT_PROTOTYPES = YES;
				CLANG_WARN_SUSPICIOUS_MOVE = YES;
				CLANG_WARN_UNGUARDED_AVAILABILITY = YES_AGGRESSIVE;
				CLANG_WARN_UNREACHABLE_CODE = YES;
				CLANG_WARN__DUPLICATE_METHOD_MATCH = YES;
				COPY_PHASE_STRIP = NO;
				DEBUG_INFORMATION_FORMAT = dwarf;
				ENABLE_STRICT_OBJC_MSGSEND = YES;
				ENABLE_TESTABILITY = YES;
				ENABLE_USER_SCRIPT_SANDBOXING = YES;
				GCC_C_LANGUAGE_STANDARD = gnu17;
				GCC_DYNAMIC_NO_PIC = NO;
				GCC_NO_COMMON_BLOCKS = YES;
				GCC_OPTIMIZATION_LEVEL = 0;
				GCC_PREPROCESSOR_DEFINITIONS = (
					"DEBUG=1",
					"$(inherited)",
				);
				GCC_WARN_64_TO_32_BIT_CONVERSION = YES;
				GCC_WARN_ABOUT_RETURN_TYPE = YES_ERROR;
				GCC_WARN_UNDECLARED_SELECTOR = YES;
				GCC_WARN_UNINITIALIZED_AUTOS = YES_AGGRESSIVE;
				GCC_WARN_UNUSED_FUNCTION = YES;
				GCC_WARN_UNUSED_VARIABLE = YES;
				IPHONEOS_DEPLOYMENT_TARGET = 17.5;
				LOCALIZATION_PREFERS_STRING_CATALOGS = YES;
				MTL_ENABLE_DEBUG_INFO = INCLUDE_SOURCE;
				MTL_FAST_MATH = YES;
				ONLY_ACTIVE_ARCH = YES;
				SDKROOT = iphoneos;
				SWIFT_ACTIVE_COMPILATION_CONDITIONS = "DEBUG $(inherited)";
				SWIFT_OPTIMIZATION_LEVEL = "-Onone";
			};
			name = Debug;
		};
		49C8C6D22CC66669000C870E /* Release */ = {
			isa = XCBuildConfiguration;
			buildSettings = {
				ALWAYS_SEARCH_USER_PATHS = NO;
				ASSETCATALOG_COMPILER_GENERATE_SWIFT_ASSET_SYMBOL_EXTENSIONS = YES;
				CLANG_ANALYZER_NONNULL = YES;
				CLANG_ANALYZER_NUMBER_OBJECT_CONVERSION = YES_AGGRESSIVE;
				CLANG_CXX_LANGUAGE_STANDARD = "gnu++20";
				CLANG_ENABLE_MODULES = YES;
				CLANG_ENABLE_OBJC_ARC = YES;
				CLANG_ENABLE_OBJC_WEAK = YES;
				CLANG_WARN_BLOCK_CAPTURE_AUTORELEASING = YES;
				CLANG_WARN_BOOL_CONVERSION = YES;
				CLANG_WARN_COMMA = YES;
				CLANG_WARN_CONSTANT_CONVERSION = YES;
				CLANG_WARN_DEPRECATED_OBJC_IMPLEMENTATIONS = YES;
				CLANG_WARN_DIRECT_OBJC_ISA_USAGE = YES_ERROR;
				CLANG_WARN_DOCUMENTATION_COMMENTS = YES;
				CLANG_WARN_EMPTY_BODY = YES;
				CLANG_WARN_ENUM_CONVERSION = YES;
				CLANG_WARN_INFINITE_RECURSION = YES;
				CLANG_WARN_INT_CONVERSION = YES;
				CLANG_WARN_NON_LITERAL_NULL_CONVERSION = YES;
				CLANG_WARN_OBJC_IMPLICIT_RETAIN_SELF = YES;
				CLANG_WARN_OBJC_LITERAL_CONVERSION = YES;
				CLANG_WARN_OBJC_ROOT_CLASS = YES_ERROR;
				CLANG_WARN_QUOTED_INCLUDE_IN_FRAMEWORK_HEADER = YES;
				CLANG_WARN_RANGE_LOOP_ANALYSIS = YES;
				CLANG_WARN_STRICT_PROTOTYPES = YES;
				CLANG_WARN_SUSPICIOUS_MOVE = YES;
				CLANG_WARN_UNGUARDED_AVAILABILITY = YES_AGGRESSIVE;
				CLANG_WARN_UNREACHABLE_CODE = YES;
				CLANG_WARN__DUPLICATE_METHOD_MATCH = YES;
				COPY_PHASE_STRIP = NO;
				DEBUG_INFORMATION_FORMAT = "dwarf-with-dsym";
				ENABLE_NS_ASSERTIONS = NO;
				ENABLE_STRICT_OBJC_MSGSEND = YES;
				ENABLE_USER_SCRIPT_SANDBOXING = YES;
				GCC_C_LANGUAGE_STANDARD = gnu17;
				GCC_NO_COMMON_BLOCKS = YES;
				GCC_WARN_64_TO_32_BIT_CONVERSION = YES;
				GCC_WARN_ABOUT_RETURN_TYPE = YES_ERROR;
				GCC_WARN_UNDECLARED_SELECTOR = YES;
				GCC_WARN_UNINITIALIZED_AUTOS = YES_AGGRESSIVE;
				GCC_WARN_UNUSED_FUNCTION = YES;
				GCC_WARN_UNUSED_VARIABLE = YES;
				IPHONEOS_DEPLOYMENT_TARGET = 17.5;
				LOCALIZATION_PREFERS_STRING_CATALOGS = YES;
				MTL_ENABLE_DEBUG_INFO = NO;
				MTL_FAST_MATH = YES;
				SDKROOT = iphoneos;
				SWIFT_COMPILATION_MODE = wholemodule;
				VALIDATE_PRODUCT = YES;
			};
			name = Release;
		};
		49C8C6D42CC66669000C870E /* Debug */ = {
			isa = XCBuildConfiguration;
			buildSettings = {
				ASSETCATALOG_COMPILER_APPICON_NAME = AppIcon;
				ASSETCATALOG_COMPILER_GLOBAL_ACCENT_COLOR_NAME = AccentColor;
				CODE_SIGN_STYLE = Automatic;
				CURRENT_PROJECT_VERSION = 1;
				GENERATE_INFOPLIST_FILE = YES;
				INFOPLIST_FILE = MoviesApp/Info.plist;
				INFOPLIST_KEY_UIApplicationSupportsIndirectInputEvents = YES;
				INFOPLIST_KEY_UILaunchStoryboardName = LaunchScreen;
				INFOPLIST_KEY_UIMainStoryboardFile = Main;
				INFOPLIST_KEY_UISupportedInterfaceOrientations = UIInterfaceOrientationPortrait;
				IPHONEOS_DEPLOYMENT_TARGET = 17.0;
				LD_RUNPATH_SEARCH_PATHS = (
					"$(inherited)",
					"@executable_path/Frameworks",
				);
				MARKETING_VERSION = 1.0;
				PRODUCT_BUNDLE_IDENTIFIER = com.test.MoviesApp;
				PRODUCT_NAME = "$(TARGET_NAME)";
				SWIFT_EMIT_LOC_STRINGS = YES;
				SWIFT_VERSION = 5.0;
				TARGETED_DEVICE_FAMILY = "1,2";
			};
			name = Debug;
		};
		49C8C6D52CC66669000C870E /* Release */ = {
			isa = XCBuildConfiguration;
			buildSettings = {
				ASSETCATALOG_COMPILER_APPICON_NAME = AppIcon;
				ASSETCATALOG_COMPILER_GLOBAL_ACCENT_COLOR_NAME = AccentColor;
				CODE_SIGN_STYLE = Automatic;
				CURRENT_PROJECT_VERSION = 1;
				GENERATE_INFOPLIST_FILE = YES;
				INFOPLIST_FILE = MoviesApp/Info.plist;
				INFOPLIST_KEY_UIApplicationSupportsIndirectInputEvents = YES;
				INFOPLIST_KEY_UILaunchStoryboardName = LaunchScreen;
				INFOPLIST_KEY_UIMainStoryboardFile = Main;
				INFOPLIST_KEY_UISupportedInterfaceOrientations = UIInterfaceOrientationPortrait;
				IPHONEOS_DEPLOYMENT_TARGET = 17.0;
				LD_RUNPATH_SEARCH_PATHS = (
					"$(inherited)",
					"@executable_path/Frameworks",
				);
				MARKETING_VERSION = 1.0;
				PRODUCT_BUNDLE_IDENTIFIER = com.test.MoviesApp;
				PRODUCT_NAME = "$(TARGET_NAME)";
				SWIFT_EMIT_LOC_STRINGS = YES;
				SWIFT_VERSION = 5.0;
				TARGETED_DEVICE_FAMILY = "1,2";
			};
			name = Release;
		};
		49C8C6D72CC66669000C870E /* Debug */ = {
			isa = XCBuildConfiguration;
			buildSettings = {
				ALWAYS_EMBED_SWIFT_STANDARD_LIBRARIES = YES;
				BUNDLE_LOADER = "$(TEST_HOST)";
				CODE_SIGN_STYLE = Automatic;
				CURRENT_PROJECT_VERSION = 1;
				GENERATE_INFOPLIST_FILE = YES;
				IPHONEOS_DEPLOYMENT_TARGET = 17.5;
				MARKETING_VERSION = 1.0;
				PRODUCT_BUNDLE_IDENTIFIER = com.test.MoviesAppTests;
				PRODUCT_NAME = "$(TARGET_NAME)";
				SWIFT_EMIT_LOC_STRINGS = NO;
				SWIFT_VERSION = 5.0;
				TARGETED_DEVICE_FAMILY = "1,2";
				TEST_HOST = "$(BUILT_PRODUCTS_DIR)/MoviesApp.app/$(BUNDLE_EXECUTABLE_FOLDER_PATH)/MoviesApp";
			};
			name = Debug;
		};
		49C8C6D82CC66669000C870E /* Release */ = {
			isa = XCBuildConfiguration;
			buildSettings = {
				ALWAYS_EMBED_SWIFT_STANDARD_LIBRARIES = YES;
				BUNDLE_LOADER = "$(TEST_HOST)";
				CODE_SIGN_STYLE = Automatic;
				CURRENT_PROJECT_VERSION = 1;
				GENERATE_INFOPLIST_FILE = YES;
				IPHONEOS_DEPLOYMENT_TARGET = 17.5;
				MARKETING_VERSION = 1.0;
				PRODUCT_BUNDLE_IDENTIFIER = com.test.MoviesAppTests;
				PRODUCT_NAME = "$(TARGET_NAME)";
				SWIFT_EMIT_LOC_STRINGS = NO;
				SWIFT_VERSION = 5.0;
				TARGETED_DEVICE_FAMILY = "1,2";
				TEST_HOST = "$(BUILT_PRODUCTS_DIR)/MoviesApp.app/$(BUNDLE_EXECUTABLE_FOLDER_PATH)/MoviesApp";
			};
			name = Release;
		};
		49C8C6DA2CC66669000C870E /* Debug */ = {
			isa = XCBuildConfiguration;
			buildSettings = {
				ALWAYS_EMBED_SWIFT_STANDARD_LIBRARIES = YES;
				CODE_SIGN_STYLE = Automatic;
				CURRENT_PROJECT_VERSION = 1;
				GENERATE_INFOPLIST_FILE = YES;
				MARKETING_VERSION = 1.0;
				PRODUCT_BUNDLE_IDENTIFIER = com.test.MoviesAppUITests;
				PRODUCT_NAME = "$(TARGET_NAME)";
				SWIFT_EMIT_LOC_STRINGS = NO;
				SWIFT_VERSION = 5.0;
				TARGETED_DEVICE_FAMILY = "1,2";
				TEST_TARGET_NAME = MoviesApp;
			};
			name = Debug;
		};
		49C8C6DB2CC66669000C870E /* Release */ = {
			isa = XCBuildConfiguration;
			buildSettings = {
				ALWAYS_EMBED_SWIFT_STANDARD_LIBRARIES = YES;
				CODE_SIGN_STYLE = Automatic;
				CURRENT_PROJECT_VERSION = 1;
				GENERATE_INFOPLIST_FILE = YES;
				MARKETING_VERSION = 1.0;
				PRODUCT_BUNDLE_IDENTIFIER = com.test.MoviesAppUITests;
				PRODUCT_NAME = "$(TARGET_NAME)";
				SWIFT_EMIT_LOC_STRINGS = NO;
				SWIFT_VERSION = 5.0;
				TARGETED_DEVICE_FAMILY = "1,2";
				TEST_TARGET_NAME = MoviesApp;
			};
			name = Release;
		};
/* End XCBuildConfiguration section */

/* Begin XCConfigurationList section */
		49C8C6A42CC66666000C870E /* Build configuration list for PBXProject "MoviesApp" */ = {
			isa = XCConfigurationList;
			buildConfigurations = (
				49C8C6D12CC66669000C870E /* Debug */,
				49C8C6D22CC66669000C870E /* Release */,
			);
			defaultConfigurationIsVisible = 0;
			defaultConfigurationName = Release;
		};
		49C8C6D32CC66669000C870E /* Build configuration list for PBXNativeTarget "MoviesApp" */ = {
			isa = XCConfigurationList;
			buildConfigurations = (
				49C8C6D42CC66669000C870E /* Debug */,
				49C8C6D52CC66669000C870E /* Release */,
			);
			defaultConfigurationIsVisible = 0;
			defaultConfigurationName = Release;
		};
		49C8C6D62CC66669000C870E /* Build configuration list for PBXNativeTarget "MoviesAppTests" */ = {
			isa = XCConfigurationList;
			buildConfigurations = (
				49C8C6D72CC66669000C870E /* Debug */,
				49C8C6D82CC66669000C870E /* Release */,
			);
			defaultConfigurationIsVisible = 0;
			defaultConfigurationName = Release;
		};
		49C8C6D92CC66669000C870E /* Build configuration list for PBXNativeTarget "MoviesAppUITests" */ = {
			isa = XCConfigurationList;
			buildConfigurations = (
				49C8C6DA2CC66669000C870E /* Debug */,
				49C8C6DB2CC66669000C870E /* Release */,
			);
			defaultConfigurationIsVisible = 0;
			defaultConfigurationName = Release;
		};
/* End XCConfigurationList section */

/* Begin XCRemoteSwiftPackageReference section */
		49C8C6E82CC68F85000C870E /* XCRemoteSwiftPackageReference "SDWebImage" */ = {
			isa = XCRemoteSwiftPackageReference;
			repositoryURL = "https://github.com/SDWebImage/SDWebImage.git";
			requirement = {
				kind = upToNextMajorVersion;
				minimumVersion = 5.19.7;
			};
		};
/* End XCRemoteSwiftPackageReference section */

/* Begin XCSwiftPackageProductDependency section */
		49C8C6E92CC68F85000C870E /* SDWebImage */ = {
			isa = XCSwiftPackageProductDependency;
			package = 49C8C6E82CC68F85000C870E /* XCRemoteSwiftPackageReference "SDWebImage" */;
			productName = SDWebImage;
		};
/* End XCSwiftPackageProductDependency section */
	};
	rootObject = 49C8C6A12CC66666000C870E /* Project object */;
}
